
Microsoft Visual Studio Solution File, Format Version 12.00
# Visual Studio Version 17
VisualStudioVersion = 17.0.31903.59
MinimumVisualStudioVersion = 10.0.40219.1
Project("{FAE04EC0-301F-11D3-BF4B-00C04F79EFBC}") = "Formatting-Calculate-and-print-student-gradesù", "Formatting-Calculate-and-print-student-gradesù\Formatting-Calculate-and-print-student-gradesù.csproj", "{2B8E83C6-ACC2-4590-8585-47CBBEE439AA}"
EndProject
Project("{FAE04EC0-301F-11D3-BF4B-00C04F79EFBC}") = "Formatting-Calculate final GPA", "Formatting-Calculate final GPA\Formatting-Calculate final GPA.csproj", "{105AFBE4-A5AF-4EBE-9062-73A5C5C3C993}"
EndProject
Project("{FAE04EC0-301F-11D3-BF4B-00C04F79EFBC}") = "Condition-TestProject", "Condition-TestProject\Condition-TestProject.csproj", "{870841E2-3643-4314-9A5A-80396CC868C7}"
EndProject
Project("{FAE04EC0-301F-11D3-BF4B-00C04F79EFBC}") = "Condition-TestProject2", "Condition-TestProject2\Condition-TestProject2.csproj", "{A578CD37-3B30-44A2-A6A9-B3B47F7BFC0A}"
EndProject
Project("{FAE04EC0-301F-11D3-BF4B-00C04F79EFBC}") = "Array-TestProject3", "Array-TestProject3\Array-TestProject3.csproj", "{98D9A8ED-1A1B-413F-89C2-A3CB674C6548}"
EndProject
Global
	GlobalSection(SolutionConfigurationPlatforms) = preSolution
		Debug|Any CPU = Debug|Any CPU
		Release|Any CPU = Release|Any CPU
	EndGlobalSection
	GlobalSection(SolutionProperties) = preSolution
		HideSolutionNode = FALSE
	EndGlobalSection
	GlobalSection(ProjectConfigurationPlatforms) = postSolution
		{2B8E83C6-ACC2-4590-8585-47CBBEE439AA}.Debug|Any CPU.ActiveCfg = Debug|Any CPU
		{2B8E83C6-ACC2-4590-8585-47CBBEE439AA}.Debug|Any CPU.Build.0 = Debug|Any CPU
		{2B8E83C6-ACC2-4590-8585-47CBBEE439AA}.Release|Any CPU.ActiveCfg = Release|Any CPU
		{2B8E83C6-ACC2-4590-8585-47CBBEE439AA}.Release|Any CPU.Build.0 = Release|Any CPU
		{105AFBE4-A5AF-4EBE-9062-73A5C5C3C993}.Debug|Any CPU.ActiveCfg = Debug|Any CPU
		{105AFBE4-A5AF-4EBE-9062-73A5C5C3C993}.Debug|Any CPU.Build.0 = Debug|Any CPU
		{105AFBE4-A5AF-4EBE-9062-73A5C5C3C993}.Release|Any CPU.ActiveCfg = Release|Any CPU
		{105AFBE4-A5AF-4EBE-9062-73A5C5C3C993}.Release|Any CPU.Build.0 = Release|Any CPU
		{870841E2-3643-4314-9A5A-80396CC868C7}.Debug|Any CPU.ActiveCfg = Debug|Any CPU
		{870841E2-3643-4314-9A5A-80396CC868C7}.Debug|Any CPU.Build.0 = Debug|Any CPU
		{870841E2-3643-4314-9A5A-80396CC868C7}.Release|Any CPU.ActiveCfg = Release|Any CPU
		{870841E2-3643-4314-9A5A-80396CC868C7}.Release|Any CPU.Build.0 = Release|Any CPU
		{A578CD37-3B30-44A2-A6A9-B3B47F7BFC0A}.Debug|Any CPU.ActiveCfg = Debug|Any CPU
		{A578CD37-3B30-44A2-A6A9-B3B47F7BFC0A}.Debug|Any CPU.Build.0 = Debug|Any CPU
		{A578CD37-3B30-44A2-A6A9-B3B47F7BFC0A}.Release|Any CPU.ActiveCfg = Release|Any CPU
		{A578CD37-3B30-44A2-A6A9-B3B47F7BFC0A}.Release|Any CPU.Build.0 = Release|Any CPU
		{98D9A8ED-1A1B-413F-89C2-A3CB674C6548}.Debug|Any CPU.ActiveCfg = Debug|Any CPU
		{98D9A8ED-1A1B-413F-89C2-A3CB674C6548}.Debug|Any CPU.Build.0 = Debug|Any CPU
		{98D9A8ED-1A1B-413F-89C2-A3CB674C6548}.Release|Any CPU.ActiveCfg = Release|Any CPU
		{98D9A8ED-1A1B-413F-89C2-A3CB674C6548}.Release|Any CPU.Build.0 = Release|Any CPU
	EndGlobalSection
EndGlobal
