
Microsoft Visual Studio Solution File, Format Version 12.00
# Visual Studio Version 17
VisualStudioVersion = 17.5.002.0
MinimumVisualStudioVersion = 10.0.40219.1
Project("{9A19103F-16F7-4668-BE54-9A1E7A4F7556}") = "Final", "Final\Final.csproj", "{EF594CE9-9691-4912-A10E-178A239567B3}"
EndProject
Project("{9A19103F-16F7-4668-BE54-9A1E7A4F7556}") = "Starter", "Starter\Starter.csproj", "{BEF0E0AF-4128-4109-93BF-0A7297207E14}"
EndProject
Global
	GlobalSection(SolutionConfigurationPlatforms) = preSolution
		Debug|Any CPU = Debug|Any CPU
		Release|Any CPU = Release|Any CPU
	EndGlobalSection
	GlobalSection(ProjectConfigurationPlatforms) = postSolution
		{EF594CE9-9691-4912-A10E-178A239567B3}.Debug|Any CPU.ActiveCfg = Debug|Any CPU
		{EF594CE9-9691-4912-A10E-178A239567B3}.Debug|Any CPU.Build.0 = Debug|Any CPU
		{EF594CE9-9691-4912-A10E-178A239567B3}.Release|Any CPU.ActiveCfg = Release|Any CPU
		{EF594CE9-9691-4912-A10E-178A239567B3}.Release|Any CPU.Build.0 = Release|Any CPU
		{BEF0E0AF-4128-4109-93BF-0A7297207E14}.Debug|Any CPU.ActiveCfg = Debug|Any CPU
		{BEF0E0AF-4128-4109-93BF-0A7297207E14}.Debug|Any CPU.Build.0 = Debug|Any CPU
		{BEF0E0AF-4128-4109-93BF-0A7297207E14}.Release|Any CPU.ActiveCfg = Release|Any CPU
		{BEF0E0AF-4128-4109-93BF-0A7297207E14}.Release|Any CPU.Build.0 = Release|Any CPU
	EndGlobalSection
	GlobalSection(SolutionProperties) = preSolution
		HideSolutionNode = FALSE
	EndGlobalSection
	GlobalSection(ExtensibilityGlobals) = postSolution
		SolutionGuid = {D39DC205-E4C8-4892-A5AF-91E7D3448DCB}
	EndGlobalSection
EndGlobal
